Microsoft Visual Studio Solution File, Format Version 12.00
# Visual Studio 2012
Project("{FAE04EC0-301F-11D3-BF4B-00C04F79EFBC}") = "HelloWorld", "Client\MassiveRoyale.csproj", "{0BBFDF75-91FF-4378-81C1-73EB4072668F}"
EndProject
Project("{FAE04EC0-301F-11D3-BF4B-00C04F79EFBC}") = "Core", "Core\Core.csproj", "{C00F8EA2-31AA-487E-A17F-5C4E1190B3CD}"
EndProject
Project("{FAE04EC0-301F-11D3-BF4B-00C04F79EFBC}") = "Massive", "massive-ecs\Runtime\Massive.csproj", "{C001A31C-3764-4A9F-A0B1-76CC46BB8523}"
EndProject
Project("{FAE04EC0-301F-11D3-BF4B-00C04F79EFBC}") = "MassiveNetcode", "massive-netcode\Runtime\MassiveNetcode.csproj", "{D9D11EF1-A838-4B04-8B8B-99B484990786}"
EndProject
Project("{FAE04EC0-301F-11D3-BF4B-00C04F79EFBC}") = "FixedPoint", "fixed-point\Runtime\FixedPoint.csproj", "{BCEF6057-67F6-4AD7-AFF4-F25D71A23B33}"
EndProject
Project("{FAE04EC0-301F-11D3-BF4B-00C04F79EFBC}") = "MassiveSerialization", "massive-serialization\Runtime\MassiveSerialization.csproj", "{38F915E7-A13B-4A29-856C-AE29E81E9CCB}"
EndProject
Project("{FAE04EC0-301F-11D3-BF4B-00C04F79EFBC}") = "MassiveQol", "massive-qol\Runtime\MassiveQol.csproj", "{BD182168-CCAC-4874-9F9A-139AAC8125A3}"
EndProject
Project("{FAE04EC0-301F-11D3-BF4B-00C04F79EFBC}") = "MassiveCommon", "MassiveCommon\MassiveCommon.csproj", "{00262470-277A-4EB6-A7DC-CB0769677B89}"
EndProject
Project("{FAE04EC0-301F-11D3-BF4B-00C04F79EFBC}") = "Server", "Server\Server.csproj", "{815DF4EA-2366-4251-9DF8-C211A7B2FFE6}"
EndProject
Global
	GlobalSection(SolutionConfigurationPlatforms) = preSolution
	Debug|Any CPU = Debug|Any CPU
	ExportDebug|Any CPU = ExportDebug|Any CPU
	ExportRelease|Any CPU = ExportRelease|Any CPU
	EndGlobalSection
	GlobalSection(ProjectConfigurationPlatforms) = postSolution
		{0BBFDF75-91FF-4378-81C1-73EB4072668F}.Debug|Any CPU.ActiveCfg = Debug|Any CPU
		{0BBFDF75-91FF-4378-81C1-73EB4072668F}.Debug|Any CPU.Build.0 = Debug|Any CPU
		{0BBFDF75-91FF-4378-81C1-73EB4072668F}.ExportDebug|Any CPU.ActiveCfg = ExportDebug|Any CPU
		{0BBFDF75-91FF-4378-81C1-73EB4072668F}.ExportDebug|Any CPU.Build.0 = ExportDebug|Any CPU
		{0BBFDF75-91FF-4378-81C1-73EB4072668F}.ExportRelease|Any CPU.ActiveCfg = ExportRelease|Any CPU
		{0BBFDF75-91FF-4378-81C1-73EB4072668F}.ExportRelease|Any CPU.Build.0 = ExportRelease|Any CPU
		{C00F8EA2-31AA-487E-A17F-5C4E1190B3CD}.Debug|Any CPU.ActiveCfg = Debug|Any CPU
		{C00F8EA2-31AA-487E-A17F-5C4E1190B3CD}.Debug|Any CPU.Build.0 = Debug|Any CPU
		{C00F8EA2-31AA-487E-A17F-5C4E1190B3CD}.ExportDebug|Any CPU.ActiveCfg = Debug|Any CPU
		{C00F8EA2-31AA-487E-A17F-5C4E1190B3CD}.ExportDebug|Any CPU.Build.0 = Debug|Any CPU
		{C00F8EA2-31AA-487E-A17F-5C4E1190B3CD}.ExportRelease|Any CPU.ActiveCfg = Debug|Any CPU
		{C00F8EA2-31AA-487E-A17F-5C4E1190B3CD}.ExportRelease|Any CPU.Build.0 = Debug|Any CPU
		{C001A31C-3764-4A9F-A0B1-76CC46BB8523}.Debug|Any CPU.ActiveCfg = Debug|Any CPU
		{C001A31C-3764-4A9F-A0B1-76CC46BB8523}.Debug|Any CPU.Build.0 = Debug|Any CPU
		{C001A31C-3764-4A9F-A0B1-76CC46BB8523}.ExportDebug|Any CPU.ActiveCfg = Debug|Any CPU
		{C001A31C-3764-4A9F-A0B1-76CC46BB8523}.ExportDebug|Any CPU.Build.0 = Debug|Any CPU
		{C001A31C-3764-4A9F-A0B1-76CC46BB8523}.ExportRelease|Any CPU.ActiveCfg = Debug|Any CPU
		{C001A31C-3764-4A9F-A0B1-76CC46BB8523}.ExportRelease|Any CPU.Build.0 = Debug|Any CPU
		{D9D11EF1-A838-4B04-8B8B-99B484990786}.Debug|Any CPU.ActiveCfg = Debug|Any CPU
		{D9D11EF1-A838-4B04-8B8B-99B484990786}.Debug|Any CPU.Build.0 = Debug|Any CPU
		{D9D11EF1-A838-4B04-8B8B-99B484990786}.ExportDebug|Any CPU.ActiveCfg = Debug|Any CPU
		{D9D11EF1-A838-4B04-8B8B-99B484990786}.ExportDebug|Any CPU.Build.0 = Debug|Any CPU
		{D9D11EF1-A838-4B04-8B8B-99B484990786}.ExportRelease|Any CPU.ActiveCfg = Debug|Any CPU
		{D9D11EF1-A838-4B04-8B8B-99B484990786}.ExportRelease|Any CPU.Build.0 = Debug|Any CPU
		{BCEF6057-67F6-4AD7-AFF4-F25D71A23B33}.Debug|Any CPU.ActiveCfg = Debug|Any CPU
		{BCEF6057-67F6-4AD7-AFF4-F25D71A23B33}.Debug|Any CPU.Build.0 = Debug|Any CPU
		{BCEF6057-67F6-4AD7-AFF4-F25D71A23B33}.ExportDebug|Any CPU.ActiveCfg = Debug|Any CPU
		{BCEF6057-67F6-4AD7-AFF4-F25D71A23B33}.ExportDebug|Any CPU.Build.0 = Debug|Any CPU
		{BCEF6057-67F6-4AD7-AFF4-F25D71A23B33}.ExportRelease|Any CPU.ActiveCfg = Debug|Any CPU
		{BCEF6057-67F6-4AD7-AFF4-F25D71A23B33}.ExportRelease|Any CPU.Build.0 = Debug|Any CPU
		{38F915E7-A13B-4A29-856C-AE29E81E9CCB}.Debug|Any CPU.ActiveCfg = Debug|Any CPU
		{38F915E7-A13B-4A29-856C-AE29E81E9CCB}.Debug|Any CPU.Build.0 = Debug|Any CPU
		{38F915E7-A13B-4A29-856C-AE29E81E9CCB}.ExportDebug|Any CPU.ActiveCfg = Debug|Any CPU
		{38F915E7-A13B-4A29-856C-AE29E81E9CCB}.ExportDebug|Any CPU.Build.0 = Debug|Any CPU
		{38F915E7-A13B-4A29-856C-AE29E81E9CCB}.ExportRelease|Any CPU.ActiveCfg = Debug|Any CPU
		{38F915E7-A13B-4A29-856C-AE29E81E9CCB}.ExportRelease|Any CPU.Build.0 = Debug|Any CPU
		{BD182168-CCAC-4874-9F9A-139AAC8125A3}.Debug|Any CPU.ActiveCfg = Debug|Any CPU
		{BD182168-CCAC-4874-9F9A-139AAC8125A3}.Debug|Any CPU.Build.0 = Debug|Any CPU
		{BD182168-CCAC-4874-9F9A-139AAC8125A3}.ExportDebug|Any CPU.ActiveCfg = Debug|Any CPU
		{BD182168-CCAC-4874-9F9A-139AAC8125A3}.ExportDebug|Any CPU.Build.0 = Debug|Any CPU
		{BD182168-CCAC-4874-9F9A-139AAC8125A3}.ExportRelease|Any CPU.ActiveCfg = Debug|Any CPU
		{BD182168-CCAC-4874-9F9A-139AAC8125A3}.ExportRelease|Any CPU.Build.0 = Debug|Any CPU
		{00262470-277A-4EB6-A7DC-CB0769677B89}.Debug|Any CPU.ActiveCfg = Debug|Any CPU
		{00262470-277A-4EB6-A7DC-CB0769677B89}.Debug|Any CPU.Build.0 = Debug|Any CPU
		{00262470-277A-4EB6-A7DC-CB0769677B89}.ExportDebug|Any CPU.ActiveCfg = Debug|Any CPU
		{00262470-277A-4EB6-A7DC-CB0769677B89}.ExportDebug|Any CPU.Build.0 = Debug|Any CPU
		{00262470-277A-4EB6-A7DC-CB0769677B89}.ExportRelease|Any CPU.ActiveCfg = Debug|Any CPU
		{00262470-277A-4EB6-A7DC-CB0769677B89}.ExportRelease|Any CPU.Build.0 = Debug|Any CPU
		{815DF4EA-2366-4251-9DF8-C211A7B2FFE6}.Debug|Any CPU.ActiveCfg = Debug|Any CPU
		{815DF4EA-2366-4251-9DF8-C211A7B2FFE6}.Debug|Any CPU.Build.0 = Debug|Any CPU
		{815DF4EA-2366-4251-9DF8-C211A7B2FFE6}.ExportDebug|Any CPU.ActiveCfg = Debug|Any CPU
		{815DF4EA-2366-4251-9DF8-C211A7B2FFE6}.ExportDebug|Any CPU.Build.0 = Debug|Any CPU
		{815DF4EA-2366-4251-9DF8-C211A7B2FFE6}.ExportRelease|Any CPU.ActiveCfg = Debug|Any CPU
		{815DF4EA-2366-4251-9DF8-C211A7B2FFE6}.ExportRelease|Any CPU.Build.0 = Debug|Any CPU
	EndGlobalSection
EndGlobal
